
Microsoft Visual Studio Solution File, Format Version 12.00
# Visual Studio Version 17
VisualStudioVersion = 17.9.34902.65
MinimumVisualStudioVersion = 10.0.40219.1
Project("{8BC9CEB8-8B4A-11D0-8D11-00A0C91BC942}") = "DSA Project", "DSA Project\DSA Project.vcxproj", "{FB3C891C-8377-4D42-A69C-CC89B6F51D76}"
EndProject
Global
	GlobalSection(SolutionConfigurationPlatforms) = preSolution
		Debug|x64 = Debug|x64
		Debug|x86 = Debug|x86
		Release|x64 = Release|x64
		Release|x86 = Release|x86
	EndGlobalSection
	GlobalSection(ProjectConfigurationPlatforms) = postSolution
		{FB3C891C-8377-4D42-A69C-CC89B6F51D76}.Debug|x64.ActiveCfg = Debug|x64
		{FB3C891C-8377-4D42-A69C-CC89B6F51D76}.Debug|x64.Build.0 = Debug|x64
		{FB3C891C-8377-4D42-A69C-CC89B6F51D76}.Debug|x86.ActiveCfg = Debug|Win32
		{FB3C891C-8377-4D42-A69C-CC89B6F51D76}.Debug|x86.Build.0 = Debug|Win32
		{FB3C891C-8377-4D42-A69C-CC89B6F51D76}.Release|x64.ActiveCfg = Release|x64
		{FB3C891C-8377-4D42-A69C-CC89B6F51D76}.Release|x64.Build.0 = Release|x64
		{FB3C891C-8377-4D42-A69C-CC89B6F51D76}.Release|x86.ActiveCfg = Release|Win32
		{FB3C891C-8377-4D42-A69C-CC89B6F51D76}.Release|x86.Build.0 = Release|Win32
	EndGlobalSection
	GlobalSection(SolutionProperties) = preSolution
		HideSolutionNode = FALSE
	EndGlobalSection
	GlobalSection(ExtensibilityGlobals) = postSolution
		SolutionGuid = {7345C2DB-252B-4285-BA0D-2B713C5E1FAB}
	EndGlobalSection
EndGlobal
